
Microsoft Visual Studio Solution File, Format Version 12.00
# Visual Studio 15
VisualStudioVersion = 15.0.27130.2036
MinimumVisualStudioVersion = 10.0.40219.1
Project("{FAE04EC0-301F-11D3-BF4B-00C04F79EFBC}") = "Simple", "Simple\Simple.csproj", "{AA1B84ED-21C2-4B19-83E7-CE7DAF8A914F}"
EndProject
Project("{FAE04EC0-301F-11D3-BF4B-00C04F79EFBC}") = "FluentDataWrapper", "FluentDataWrapper\FluentDataWrapper.csproj", "{01C3D2A3-02EC-4D0C-815C-A169672F6B0E}"
EndProject
Global
	GlobalSection(SolutionConfigurationPlatforms) = preSolution
		Debug|Any CPU = Debug|Any CPU
		Release|Any CPU = Release|Any CPU
	EndGlobalSection
	GlobalSection(ProjectConfigurationPlatforms) = postSolution
		{AA1B84ED-21C2-4B19-83E7-CE7DAF8A914F}.Debug|Any CPU.ActiveCfg = Debug|Any CPU
		{AA1B84ED-21C2-4B19-83E7-CE7DAF8A914F}.Debug|Any CPU.Build.0 = Debug|Any CPU
		{AA1B84ED-21C2-4B19-83E7-CE7DAF8A914F}.Release|Any CPU.ActiveCfg = Release|Any CPU
		{AA1B84ED-21C2-4B19-83E7-CE7DAF8A914F}.Release|Any CPU.Build.0 = Release|Any CPU
		{01C3D2A3-02EC-4D0C-815C-A169672F6B0E}.Debug|Any CPU.ActiveCfg = Debug|Any CPU
		{01C3D2A3-02EC-4D0C-815C-A169672F6B0E}.Debug|Any CPU.Build.0 = Debug|Any CPU
		{01C3D2A3-02EC-4D0C-815C-A169672F6B0E}.Release|Any CPU.ActiveCfg = Release|Any CPU
		{01C3D2A3-02EC-4D0C-815C-A169672F6B0E}.Release|Any CPU.Build.0 = Release|Any CPU
	EndGlobalSection
	GlobalSection(SolutionProperties) = preSolution
		HideSolutionNode = FALSE
	EndGlobalSection
	GlobalSection(ExtensibilityGlobals) = postSolution
		SolutionGuid = {A32F7E52-7B14-4172-89A7-D107D52BE577}
	EndGlobalSection
EndGlobal
